PODS:
  - composeApp (2.0.3):
    - YandexMapsMobile (= 4.5.1-lite)
  - YandexMapsMobile (4.5.1-lite)

DEPENDENCIES:
  - composeApp (from `../composeApp`)
  - YandexMapsMobile (= 4.5.1-lite)

SPEC REPOS:
  trunk:
    - YandexMapsMobile

EXTERNAL SOURCES:
  composeApp:
    :path: "../composeApp"

SPEC CHECKSUMS:
  composeApp: 2cccaec20feb8086a6f16ad7a9b544ea403922bd
  YandexMapsMobile: 1d4ab5b441f189756e0a9f94626ff26ae1fc9756

PODFILE CHECKSUM: 18eee83466de5bf66c147328e738b77bcc9baa16

COCOAPODS: 1.16.2
