PODS:
  - composeApp (1.0)
  - YandexMapsMobile (4.5.1-full)

DEPENDENCIES:
  - composeApp (from `../composeApp`)
  - YandexMapsMobile (= 4.5.1-full)

SPEC REPOS:
  trunk:
    - YandexMapsMobile

EXTERNAL SOURCES:
  composeApp:
    :path: "../composeApp"

SPEC CHECKSUMS:
  composeApp: 6ff3c3d9e062fa1fc91575e9d0ff3f94c15fd4b9
  YandexMapsMobile: 2390e02fa0bc10fa2a26dc7c22c7687bc7128e33

PODFILE CHECKSUM: 88098a399d238dbebc9af1d363a239a3d6ead133

COCOAPODS: 1.16.2
