PODS:
  - composeApp (1.1.1):
    - YandexMapsMobile (= 4.5.1-lite)
  - YandexMapsMobile (4.5.1-lite)

DEPENDENCIES:
  - composeApp (from `../composeApp`)
  - YandexMapsMobile (= 4.5.1-lite)

SPEC REPOS:
  trunk:
    - YandexMapsMobile

EXTERNAL SOURCES:
  composeApp:
    :path: "../composeApp"

SPEC CHECKSUMS:
  composeApp: 0ec192b82a4b1ed5dd1bca654937e19c7ba6a13a
  YandexMapsMobile: 1d4ab5b441f189756e0a9f94626ff26ae1fc9756

PODFILE CHECKSUM: 18eee83466de5bf66c147328e738b77bcc9baa16

COCOAPODS: 1.16.2
